
Microsoft Visual Studio Solution File, Format Version 12.00
# Visual Studio Version 17
VisualStudioVersion = 17.11.35208.52
MinimumVisualStudioVersion = 10.0.40219.1
Project("{9A19103F-16F7-4668-BE54-9A1E7A4F7556}") = "server", "server.csproj", "{82E70D79-9FC5-4A3A-B6A7-FD3983E629BB}"
EndProject
Global
	GlobalSection(SolutionConfigurationPlatforms) = preSolution
		Debug|Any CPU = Debug|Any CPU
		Release|Any CPU = Release|Any CPU
	EndGlobalSection
	GlobalSection(ProjectConfigurationPlatforms) = postSolution
		{82E70D79-9FC5-4A3A-B6A7-FD3983E629BB}.Debug|Any CPU.ActiveCfg = Debug|Any CPU
		{82E70D79-9FC5-4A3A-B6A7-FD3983E629BB}.Debug|Any CPU.Build.0 = Debug|Any CPU
		{82E70D79-9FC5-4A3A-B6A7-FD3983E629BB}.Release|Any CPU.ActiveCfg = Release|Any CPU
		{82E70D79-9FC5-4A3A-B6A7-FD3983E629BB}.Release|Any CPU.Build.0 = Release|Any CPU
	EndGlobalSection
	GlobalSection(SolutionProperties) = preSolution
		HideSolutionNode = FALSE
	EndGlobalSection
	GlobalSection(ExtensibilityGlobals) = postSolution
		SolutionGuid = {3FBE0270-452E-408B-895F-8D016004A572}
	EndGlobalSection
EndGlobal
